// !$*UTF8*$!
{
	archiveVersion = 1;
	classes = {
	};
	objectVersion = 55;
	objects = {

/* Begin PBXBuildFile section */
		7E3BE50F28170DFB007EAC02 /* AppDelegate.swift in Sources */ = {isa = PBXBuildFile; fileRef = 7E3BE50E28170DFB007EAC02 /* AppDelegate.swift */; };
		7E3BE51128170DFB007EAC02 /* SceneDelegate.swift in Sources */ = {isa = PBXBuildFile; fileRef = 7E3BE51028170DFB007EAC02 /* SceneDelegate.swift */; };
		7E3BE51328170DFB007EAC02 /* ViewController.swift in Sources */ = {isa = PBXBuildFile; fileRef = 7E3BE51228170DFB007EAC02 /* ViewController.swift */; };
		7E3BE51628170DFB007EAC02 /* Main.storyboard in Resources */ = {isa = PBXBuildFile; fileRef = 7E3BE51428170DFB007EAC02 /* Main.storyboard */; };
		7E3BE51828170DFE007EAC02 /* Assets.xcassets in Resources */ = {isa = PBXBuildFile; fileRef = 7E3BE51728170DFE007EAC02 /* Assets.xcassets */; };
		7E3BE51B28170DFE007EAC02 /* LaunchScreen.storyboard in Resources */ = {isa = PBXBuildFile; fileRef = 7E3BE51928170DFE007EAC02 /* LaunchScreen.storyboard */; };
		7E3BE52628170DFE007EAC02 /* swift_03_kontroldarbsTests.swift in Sources */ = {isa = PBXBuildFile; fileRef = 7E3BE52528170DFE007EAC02 /* swift_03_kontroldarbsTests.swift */; };
		7E3BE53028170DFE007EAC02 /* swift_03_kontroldarbsUITests.swift in Sources */ = {isa = PBXBuildFile; fileRef = 7E3BE52F28170DFE007EAC02 /* swift_03_kontroldarbsUITests.swift */; };
		7E3BE53228170DFE007EAC02 /* swift_03_kontroldarbsUITestsLaunchTests.swift in Sources */ = {isa = PBXBuildFile; fileRef = 7E3BE53128170DFE007EAC02 /* swift_03_kontroldarbsUITestsLaunchTests.swift */; };
		7E4A2BD02818770B00470FC1 /* CountryListViewControler.swift in Sources */ = {isa = PBXBuildFile; fileRef = 7E4A2BCF2818770A00470FC1 /* CountryListViewControler.swift */; };
		C0A85BEF28232A5000324C81 /* CountryCardViewControler.swift in Sources */ = {isa = PBXBuildFile; fileRef = C0A85BEE28232A5000324C81 /* CountryCardViewControler.swift */; };
/* End PBXBuildFile section */

/* Begin PBXContainerItemProxy section */
		7E3BE52228170DFE007EAC02 /* PBXContainerItemProxy */ = {
			isa = PBXContainerItemProxy;
			containerPortal = 7E3BE50328170DFB007EAC02 /* Project object */;
			proxyType = 1;
			remoteGlobalIDString = 7E3BE50A28170DFB007EAC02;
			remoteInfo = swift_03_kontroldarbs;
		};
		7E3BE52C28170DFE007EAC02 /* PBXContainerItemProxy */ = {
			isa = PBXContainerItemProxy;
			containerPortal = 7E3BE50328170DFB007EAC02 /* Project object */;
			proxyType = 1;
			remoteGlobalIDString = 7E3BE50A28170DFB007EAC02;
			remoteInfo = swift_03_kontroldarbs;
		};
/* End PBXContainerItemProxy section */

/* Begin PBXFileReference section */
		7E3BE50B28170DFB007EAC02 /* swift_03_kontroldarbs.app */ = {isa = PBXFileReference; explicitFileType = wrapper.application; includeInIndex = 0; path = swift_03_kontroldarbs.app; sourceTree = BUILT_PRODUCTS_DIR; };
		7E3BE50E28170DFB007EAC02 /* AppDelegate.swift */ = {isa = PBXFileReference; lastKnownFileType = sourcecode.swift; path = AppDelegate.swift; sourceTree = "<group>"; };
		7E3BE51028170DFB007EAC02 /* SceneDelegate.swift */ = {isa = PBXFileReference; lastKnownFileType = sourcecode.swift; path = SceneDelegate.swift; sourceTree = "<group>"; };
		7E3BE51228170DFB007EAC02 /* ViewController.swift */ = {isa = PBXFileReference; lastKnownFileType = sourcecode.swift; path = ViewController.swift; sourceTree = "<group>"; };
		7E3BE51528170DFB007EAC02 /* Base */ = {isa = PBXFileReference; lastKnownFileType = file.storyboard; name = Base; path = Base.lproj/Main.storyboard; sourceTree = "<group>"; };
		7E3BE51728170DFE007EAC02 /* Assets.xcassets */ = {isa = PBXFileReference; lastKnownFileType = folder.assetcatalog; path = Assets.xcassets; sourceTree = "<group>"; };
		7E3BE51A28170DFE007EAC02 /* Base */ = {isa = PBXFileReference; lastKnownFileType = file.storyboard; name = Base; path = Base.lproj/LaunchScreen.storyboard; sourceTree = "<group>"; };
		7E3BE51C28170DFE007EAC02 /* Info.plist */ = {isa = PBXFileReference; lastKnownFileType = text.plist.xml; path = Info.plist; sourceTree = "<group>"; };
		7E3BE52128170DFE007EAC02 /* swift_03_kontroldarbsTests.xctest */ = {isa = PBXFileReference; explicitFileType = wrapper.cfbundle; includeInIndex = 0; path = swift_03_kontroldarbsTests.xctest; sourceTree = BUILT_PRODUCTS_DIR; };
		7E3BE52528170DFE007EAC02 /* swift_03_kontroldarbsTests.swift */ = {isa = PBXFileReference; lastKnownFileType = sourcecode.swift; path = swift_03_kontroldarbsTests.swift; sourceTree = "<group>"; };
		7E3BE52B28170DFE007EAC02 /* swift_03_kontroldarbsUITests.xctest */ = {isa = PBXFileReference; explicitFileType = wrapper.cfbundle; includeInIndex = 0; path = swift_03_kontroldarbsUITests.xctest; sourceTree = BUILT_PRODUCTS_DIR; };
		7E3BE52F28170DFE007EAC02 /* swift_03_kontroldarbsUITests.swift */ = {isa = PBXFileReference; lastKnownFileType = sourcecode.swift; path = swift_03_kontroldarbsUITests.swift; sourceTree = "<group>"; };
		7E3BE53128170DFE007EAC02 /* swift_03_kontroldarbsUITestsLaunchTests.swift */ = {isa = PBXFileReference; lastKnownFileType = sourcecode.swift; path = swift_03_kontroldarbsUITestsLaunchTests.swift; sourceTree = "<group>"; };
		7E4A2BCF2818770A00470FC1 /* CountryListViewControler.swift */ = {isa = PBXFileReference; lastKnownFileType = sourcecode.swift; path = CountryListViewControler.swift; sourceTree = "<group>"; };
		C0A85BEE28232A5000324C81 /* CountryCardViewControler.swift */ = {isa = PBXFileReference; lastKnownFileType = sourcecode.swift; path = CountryCardViewControler.swift; sourceTree = "<group>"; };
/* End PBXFileReference section */

/* Begin PBXFrameworksBuildPhase section */
		7E3BE50828170DFB007EAC02 /* Frameworks */ = {
			isa = PBXFrameworksBuildPhase;
			buildActionMask = 2147483647;
			files = (
			);
			runOnlyForDeploymentPostprocessing = 0;
		};
		7E3BE51E28170DFE007EAC02 /* Frameworks */ = {
			isa = PBXFrameworksBuildPhase;
			buildActionMask = 2147483647;
			files = (
			);
			runOnlyForDeploymentPostprocessing = 0;
		};
		7E3BE52828170DFE007EAC02 /* Frameworks */ = {
			isa = PBXFrameworksBuildPhase;
			buildActionMask = 2147483647;
			files = (
			);
			runOnlyForDeploymentPostprocessing = 0;
		};
/* End PBXFrameworksBuildPhase section */

/* Begin PBXGroup section */
		7E3BE50228170DFB007EAC02 = {
			isa = PBXGroup;
			children = (
				7E3BE50D28170DFB007EAC02 /* swift_03_kontroldarbs */,
				7E3BE52428170DFE007EAC02 /* swift_03_kontroldarbsTests */,
				7E3BE52E28170DFE007EAC02 /* swift_03_kontroldarbsUITests */,
				7E3BE50C28170DFB007EAC02 /* Products */,
			);
			sourceTree = "<group>";
		};
		7E3BE50C28170DFB007EAC02 /* Products */ = {
			isa = PBXGroup;
			children = (
				7E3BE50B28170DFB007EAC02 /* swift_03_kontroldarbs.app */,
				7E3BE52128170DFE007EAC02 /* swift_03_kontroldarbsTests.xctest */,
				7E3BE52B28170DFE007EAC02 /* swift_03_kontroldarbsUITests.xctest */,
			);
			name = Products;
			sourceTree = "<group>";
		};
		7E3BE50D28170DFB007EAC02 /* swift_03_kontroldarbs */ = {
			isa = PBXGroup;
			children = (
				7E3BE50E28170DFB007EAC02 /* AppDelegate.swift */,
				7E3BE51028170DFB007EAC02 /* SceneDelegate.swift */,
				7E3BE51228170DFB007EAC02 /* ViewController.swift */,
				7E3BE51428170DFB007EAC02 /* Main.storyboard */,
				7E3BE51728170DFE007EAC02 /* Assets.xcassets */,
				7E3BE51928170DFE007EAC02 /* LaunchScreen.storyboard */,
				7E3BE51C28170DFE007EAC02 /* Info.plist */,
				7E4A2BCF2818770A00470FC1 /* CountryListViewControler.swift */,
				C0A85BEE28232A5000324C81 /* CountryCardViewControler.swift */,
			);
			path = swift_03_kontroldarbs;
			sourceTree = "<group>";
		};
		7E3BE52428170DFE007EAC02 /* swift_03_kontroldarbsTests */ = {
			isa = PBXGroup;
			children = (
				7E3BE52528170DFE007EAC02 /* swift_03_kontroldarbsTests.swift */,
			);
			path = swift_03_kontroldarbsTests;
			sourceTree = "<group>";
		};
		7E3BE52E28170DFE007EAC02 /* swift_03_kontroldarbsUITests */ = {
			isa = PBXGroup;
			children = (
				7E3BE52F28170DFE007EAC02 /* swift_03_kontroldarbsUITests.swift */,
				7E3BE53128170DFE007EAC02 /* swift_03_kontroldarbsUITestsLaunchTests.swift */,
			);
			path = swift_03_kontroldarbsUITests;
			sourceTree = "<group>";
		};
/* End PBXGroup section */

/* Begin PBXNativeTarget section */
		7E3BE50A28170DFB007EAC02 /* swift_03_kontroldarbs */ = {
			isa = PBXNativeTarget;
			buildConfigurationList = 7E3BE53528170DFE007EAC02 /* Build configuration list for PBXNativeTarget "swift_03_kontroldarbs" */;
			buildPhases = (
				7E3BE50728170DFB007EAC02 /* Sources */,
				7E3BE50828170DFB007EAC02 /* Frameworks */,
				7E3BE50928170DFB007EAC02 /* Resources */,
			);
			buildRules = (
			);
			dependencies = (
			);
			name = swift_03_kontroldarbs;
			productName = swift_03_kontroldarbs;
			productReference = 7E3BE50B28170DFB007EAC02 /* swift_03_kontroldarbs.app */;
			productType = "com.apple.product-type.application";
		};
		7E3BE52028170DFE007EAC02 /* swift_03_kontroldarbsTests */ = {
			isa = PBXNativeTarget;
			buildConfigurationList = 7E3BE53828170DFE007EAC02 /* Build configuration list for PBXNativeTarget "swift_03_kontroldarbsTests" */;
			buildPhases = (
				7E3BE51D28170DFE007EAC02 /* Sources */,
				7E3BE51E28170DFE007EAC02 /* Frameworks */,
				7E3BE51F28170DFE007EAC02 /* Resources */,
			);
			buildRules = (
			);
			dependencies = (
				7E3BE52328170DFE007EAC02 /* PBXTargetDependency */,
			);
			name = swift_03_kontroldarbsTests;
			productName = swift_03_kontroldarbsTests;
			productReference = 7E3BE52128170DFE007EAC02 /* swift_03_kontroldarbsTests.xctest */;
			productType = "com.apple.product-type.bundle.unit-test";
		};
		7E3BE52A28170DFE007EAC02 /* swift_03_kontroldarbsUITests */ = {
			isa = PBXNativeTarget;
			buildConfigurationList = 7E3BE53B28170DFE007EAC02 /* Build configuration list for PBXNativeTarget "swift_03_kontroldarbsUITests" */;
			buildPhases = (
				7E3BE52728170DFE007EAC02 /* Sources */,
				7E3BE52828170DFE007EAC02 /* Frameworks */,
				7E3BE52928170DFE007EAC02 /* Resources */,
			);
			buildRules = (
			);
			dependencies = (
				7E3BE52D28170DFE007EAC02 /* PBXTargetDependency */,
			);
			name = swift_03_kontroldarbsUITests;
			productName = swift_03_kontroldarbsUITests;
			productReference = 7E3BE52B28170DFE007EAC02 /* swift_03_kontroldarbsUITests.xctest */;
			productType = "com.apple.product-type.bundle.ui-testing";
		};
/* End PBXNativeTarget section */

/* Begin PBXProject section */
		7E3BE50328170DFB007EAC02 /* Project object */ = {
			isa = PBXProject;
			attributes = {
				BuildIndependentTargetsInParallel = 1;
				LastSwiftUpdateCheck = 1330;
				LastUpgradeCheck = 1330;
				TargetAttributes = {
					7E3BE50A28170DFB007EAC02 = {
						CreatedOnToolsVersion = 13.3.1;
					};
					7E3BE52028170DFE007EAC02 = {
						CreatedOnToolsVersion = 13.3.1;
						TestTargetID = 7E3BE50A28170DFB007EAC02;
					};
					7E3BE52A28170DFE007EAC02 = {
						CreatedOnToolsVersion = 13.3.1;
						TestTargetID = 7E3BE50A28170DFB007EAC02;
					};
				};
			};
			buildConfigurationList = 7E3BE50628170DFB007EAC02 /* Build configuration list for PBXProject "swift_03_kontroldarbs" */;
			compatibilityVersion = "Xcode 13.0";
			developmentRegion = en;
			hasScannedForEncodings = 0;
			knownRegions = (
				en,
				Base,
			);
			mainGroup = 7E3BE50228170DFB007EAC02;
			productRefGroup = 7E3BE50C28170DFB007EAC02 /* Products */;
			projectDirPath = "";
			projectRoot = "";
			targets = (
				7E3BE50A28170DFB007EAC02 /* swift_03_kontroldarbs */,
				7E3BE52028170DFE007EAC02 /* swift_03_kontroldarbsTests */,
				7E3BE52A28170DFE007EAC02 /* swift_03_kontroldarbsUITests */,
			);
		};
/* End PBXProject section */

/* Begin PBXResourcesBuildPhase section */
		7E3BE50928170DFB007EAC02 /* Resources */ = {
			isa = PBXResourcesBuildPhase;
			buildActionMask = 2147483647;
			files = (
				7E3BE51B28170DFE007EAC02 /* LaunchScreen.storyboard in Resources */,
				7E3BE51828170DFE007EAC02 /* Assets.xcassets in Resources */,
				7E3BE51628170DFB007EAC02 /* Main.storyboard in Resources */,
			);
			runOnlyForDeploymentPostprocessing = 0;
		};
		7E3BE51F28170DFE007EAC02 /* Resources */ = {
			isa = PBXResourcesBuildPhase;
			buildActionMask = 2147483647;
			files = (
			);
			runOnlyForDeploymentPostprocessing = 0;
		};
		7E3BE52928170DFE007EAC02 /* Resources */ = {
			isa = PBXResourcesBuildPhase;
			buildActionMask = 2147483647;
			files = (
			);
			runOnlyForDeploymentPostprocessing = 0;
		};
/* End PBXResourcesBuildPhase section */

/* Begin PBXSourcesBuildPhase section */
		7E3BE50728170DFB007EAC02 /* Sources */ = {
			isa = PBXSourcesBuildPhase;
			buildActionMask = 2147483647;
			files = (
				7E4A2BD02818770B00470FC1 /* CountryListViewControler.swift in Sources */,
				7E3BE51328170DFB007EAC02 /* ViewController.swift in Sources */,
				7E3BE50F28170DFB007EAC02 /* AppDelegate.swift in Sources */,
				7E3BE51128170DFB007EAC02 /* SceneDelegate.swift in Sources */,
				C0A85BEF28232A5000324C81 /* CountryCardViewControler.swift in Sources */,
			);
			runOnlyForDeploymentPostprocessing = 0;
		};
		7E3BE51D28170DFE007EAC02 /* Sources */ = {
			isa = PBXSourcesBuildPhase;
			buildActionMask = 2147483647;
			files = (
				7E3BE52628170DFE007EAC02 /* swift_03_kontroldarbsTests.swift in Sources */,
			);
			runOnlyForDeploymentPostprocessing = 0;
		};
		7E3BE52728170DFE007EAC02 /* Sources */ = {
			isa = PBXSourcesBuildPhase;
			buildActionMask = 2147483647;
			files = (
				7E3BE53228170DFE007EAC02 /* swift_03_kontroldarbsUITestsLaunchTests.swift in Sources */,
				7E3BE53028170DFE007EAC02 /* swift_03_kontroldarbsUITests.swift in Sources */,
			);
			runOnlyForDeploymentPostprocessing = 0;
		};
/* End PBXSourcesBuildPhase section */

/* Begin PBXTargetDependency section */
		7E3BE52328170DFE007EAC02 /* PBXTargetDependency */ = {
			isa = PBXTargetDependency;
			target = 7E3BE50A28170DFB007EAC02 /* swift_03_kontroldarbs */;
			targetProxy = 7E3BE52228170DFE007EAC02 /* PBXContainerItemProxy */;
		};
		7E3BE52D28170DFE007EAC02 /* PBXTargetDependency */ = {
			isa = PBXTargetDependency;
			target = 7E3BE50A28170DFB007EAC02 /* swift_03_kontroldarbs */;
			targetProxy = 7E3BE52C28170DFE007EAC02 /* PBXContainerItemProxy */;
		};
/* End PBXTargetDependency section */

/* Begin PBXVariantGroup section */
		7E3BE51428170DFB007EAC02 /* Main.storyboard */ = {
			isa = PBXVariantGroup;
			children = (
				7E3BE51528170DFB007EAC02 /* Base */,
			);
			name = Main.storyboard;
			sourceTree = "<group>";
		};
		7E3BE51928170DFE007EAC02 /* LaunchScreen.storyboard */ = {
			isa = PBXVariantGroup;
			children = (
				7E3BE51A28170DFE007EAC02 /* Base */,
			);
			name = LaunchScreen.storyboard;
			sourceTree = "<group>";
		};
/* End PBXVariantGroup section */

/* Begin XCBuildConfiguration section */
		7E3BE53328170DFE007EAC02 /* Debug */ = {
			isa = XCBuildConfiguration;
			buildSettings = {
				ALWAYS_SEARCH_USER_PATHS = NO;
				CLANG_ANALYZER_NONNULL = YES;
				CLANG_ANALYZER_NUMBER_OBJECT_CONVERSION = YES_AGGRESSIVE;
				CLANG_CXX_LANGUAGE_STANDARD = "gnu++17";
				CLANG_ENABLE_MODULES = YES;
				CLANG_ENABLE_OBJC_ARC = YES;
				CLANG_ENABLE_OBJC_WEAK = YES;
				CLANG_WARN_BLOCK_CAPTURE_AUTORELEASING = YES;
				CLANG_WARN_BOOL_CONVERSION = YES;
				CLANG_WARN_COMMA = YES;
				CLANG_WARN_CONSTANT_CONVERSION = YES;
				CLANG_WARN_DEPRECATED_OBJC_IMPLEMENTATIONS = YES;
				CLANG_WARN_DIRECT_OBJC_ISA_USAGE = YES_ERROR;
				CLANG_WARN_DOCUMENTATION_COMMENTS = YES;
				CLANG_WARN_EMPTY_BODY = YES;
				CLANG_WARN_ENUM_CONVERSION = YES;
				CLANG_WARN_INFINITE_RECURSION = YES;
				CLANG_WARN_INT_CONVERSION = YES;
				CLANG_WARN_NON_LITERAL_NULL_CONVERSION = YES;
				CLANG_WARN_OBJC_IMPLICIT_RETAIN_SELF = YES;
				CLANG_WARN_OBJC_LITERAL_CONVERSION = YES;
				CLANG_WARN_OBJC_ROOT_CLASS = YES_ERROR;
				CLANG_WARN_QUOTED_INCLUDE_IN_FRAMEWORK_HEADER = YES;
				CLANG_WARN_RANGE_LOOP_ANALYSIS = YES;
				CLANG_WARN_STRICT_PROTOTYPES = YES;
				CLANG_WARN_SUSPICIOUS_MOVE = YES;
				CLANG_WARN_UNGUARDED_AVAILABILITY = YES_AGGRESSIVE;
				CLANG_WARN_UNREACHABLE_CODE = YES;
				CLANG_WARN__DUPLICATE_METHOD_MATCH = YES;
				COPY_PHASE_STRIP = NO;
				DEBUG_INFORMATION_FORMAT = dwarf;
				ENABLE_STRICT_OBJC_MSGSEND = YES;
				ENABLE_TESTABILITY = YES;
				GCC_C_LANGUAGE_STANDARD = gnu11;
				GCC_DYNAMIC_NO_PIC = NO;
				GCC_NO_COMMON_BLOCKS = YES;
				GCC_OPTIMIZATION_LEVEL = 0;
				GCC_PREPROCESSOR_DEFINITIONS = (
					"DEBUG=1",
					"$(inherited)",
				);
				GCC_WARN_64_TO_32_BIT_CONVERSION = YES;
				GCC_WARN_ABOUT_RETURN_TYPE = YES_ERROR;
				GCC_WARN_UNDECLARED_SELECTOR = YES;
				GCC_WARN_UNINITIALIZED_AUTOS = YES_AGGRESSIVE;
				GCC_WARN_UNUSED_FUNCTION = YES;
				GCC_WARN_UNUSED_VARIABLE = YES;
				IPHONEOS_DEPLOYMENT_TARGET = 15.4;
				MTL_ENABLE_DEBUG_INFO = INCLUDE_SOURCE;
				MTL_FAST_MATH = YES;
				ONLY_ACTIVE_ARCH = YES;
				SDKROOT = iphoneos;
				SWIFT_ACTIVE_COMPILATION_CONDITIONS = DEBUG;
				SWIFT_OPTIMIZATION_LEVEL = "-Onone";
			};
			name = Debug;
		};
		7E3BE53428170DFE007EAC02 /* Release */ = {
			isa = XCBuildConfiguration;
			buildSettings = {
				ALWAYS_SEARCH_USER_PATHS = NO;
				CLANG_ANALYZER_NONNULL = YES;
				CLANG_ANALYZER_NUMBER_OBJECT_CONVERSION = YES_AGGRESSIVE;
				CLANG_CXX_LANGUAGE_STANDARD = "gnu++17";
				CLANG_ENABLE_MODULES = YES;
				CLANG_ENABLE_OBJC_ARC = YES;
				CLANG_ENABLE_OBJC_WEAK = YES;
				CLANG_WARN_BLOCK_CAPTURE_AUTORELEASING = YES;
				CLANG_WARN_BOOL_CONVERSION = YES;
				CLANG_WARN_COMMA = YES;
				CLANG_WARN_CONSTANT_CONVERSION = YES;
				CLANG_WARN_DEPRECATED_OBJC_IMPLEMENTATIONS = YES;
				CLANG_WARN_DIRECT_OBJC_ISA_USAGE = YES_ERROR;
				CLANG_WARN_DOCUMENTATION_COMMENTS = YES;
				CLANG_WARN_EMPTY_BODY = YES;
				CLANG_WARN_ENUM_CONVERSION = YES;
				CLANG_WARN_INFINITE_RECURSION = YES;
				CLANG_WARN_INT_CONVERSION = YES;
				CLANG_WARN_NON_LITERAL_NULL_CONVERSION = YES;
				CLANG_WARN_OBJC_IMPLICIT_RETAIN_SELF = YES;
				CLANG_WARN_OBJC_LITERAL_CONVERSION = YES;
				CLANG_WARN_OBJC_ROOT_CLASS = YES_ERROR;
				CLANG_WARN_QUOTED_INCLUDE_IN_FRAMEWORK_HEADER = YES;
				CLANG_WARN_RANGE_LOOP_ANALYSIS = YES;
				CLANG_WARN_STRICT_PROTOTYPES = YES;
				CLANG_WARN_SUSPICIOUS_MOVE = YES;
				CLANG_WARN_UNGUARDED_AVAILABILITY = YES_AGGRESSIVE;
				CLANG_WARN_UNREACHABLE_CODE = YES;
				CLANG_WARN__DUPLICATE_METHOD_MATCH = YES;
				COPY_PHASE_STRIP = NO;
				DEBUG_INFORMATION_FORMAT = "dwarf-with-dsym";
				ENABLE_NS_ASSERTIONS = NO;
				ENABLE_STRICT_OBJC_MSGSEND = YES;
				GCC_C_LANGUAGE_STANDARD = gnu11;
				GCC_NO_COMMON_BLOCKS = YES;
				GCC_WARN_64_TO_32_BIT_CONVERSION = YES;
				GCC_WARN_ABOUT_RETURN_TYPE = YES_ERROR;
				GCC_WARN_UNDECLARED_SELECTOR = YES;
				GCC_WARN_UNINITIALIZED_AUTOS = YES_AGGRESSIVE;
				GCC_WARN_UNUSED_FUNCTION = YES;
				GCC_WARN_UNUSED_VARIABLE = YES;
				IPHONEOS_DEPLOYMENT_TARGET = 15.4;
				MTL_ENABLE_DEBUG_INFO = NO;
				MTL_FAST_MATH = YES;
				SDKROOT = iphoneos;
				SWIFT_COMPILATION_MODE = wholemodule;
				SWIFT_OPTIMIZATION_LEVEL = "-O";
				VALIDATE_PRODUCT = YES;
			};
			name = Release;
		};
		7E3BE53628170DFE007EAC02 /* Debug */ = {
			isa = XCBuildConfiguration;
			buildSettings = {
				ASSETCATALOG_COMPILER_APPICON_NAME = AppIcon;
				ASSETCATALOG_COMPILER_GLOBAL_ACCENT_COLOR_NAME = AccentColor;
				CODE_SIGN_STYLE = Automatic;
				CURRENT_PROJECT_VERSION = 1;
				GENERATE_INFOPLIST_FILE = YES;
				INFOPLIST_FILE = swift_03_kontroldarbs/Info.plist;
				INFOPLIST_KEY_UIApplicationSupportsIndirectInputEvents = YES;
				INFOPLIST_KEY_UILaunchStoryboardName = LaunchScreen;
				INFOPLIST_KEY_UIMainStoryboardFile = Main;
				INFOPLIST_KEY_UISupportedInterfaceOrientations_iPad = "UIInterfaceOrientationPortrait UIInterfaceOrientationPortraitUpsideDown UIInterfaceOrientationLandscapeLeft UIInterfaceOrientationLandscapeRight";
				INFOPLIST_KEY_UISupportedInterfaceOrientations_iPhone = "UIInterfaceOrientationPortrait UIInterfaceOrientationLandscapeLeft UIInterfaceOrientationLandscapeRight";
				LD_RUNPATH_SEARCH_PATHS = (
					"$(inherited)",
					"@executable_path/Frameworks",
				);
				MARKETING_VERSION = 1.0;
				PRODUCT_BUNDLE_IDENTIFIER = "SatelituTehnologijas.swift-03-kontroldarbs";
				PRODUCT_NAME = "$(TARGET_NAME)";
				SWIFT_EMIT_LOC_STRINGS = YES;
				SWIFT_VERSION = 5.0;
				TARGETED_DEVICE_FAMILY = "1,2";
			};
			name = Debug;
		};
		7E3BE53728170DFE007EAC02 /* Release */ = {
			isa = XCBuildConfiguration;
			buildSettings = {
				ASSETCATALOG_COMPILER_APPICON_NAME = AppIcon;
				ASSETCATALOG_COMPILER_GLOBAL_ACCENT_COLOR_NAME = AccentColor;
				CODE_SIGN_STYLE = Automatic;
				CURRENT_PROJECT_VERSION = 1;
				GENERATE_INFOPLIST_FILE = YES;
				INFOPLIST_FILE = swift_03_kontroldarbs/Info.plist;
				INFOPLIST_KEY_UIApplicationSupportsIndirectInputEvents = YES;
				INFOPLIST_KEY_UILaunchStoryboardName = LaunchScreen;
				INFOPLIST_KEY_UIMainStoryboardFile = Main;
				INFOPLIST_KEY_UISupportedInterfaceOrientations_iPad = "UIInterfaceOrientationPortrait UIInterfaceOrientationPortraitUpsideDown UIInterfaceOrientationLandscapeLeft UIInterfaceOrientationLandscapeRight";
				INFOPLIST_KEY_UISupportedInterfaceOrientations_iPhone = "UIInterfaceOrientationPortrait UIInterfaceOrientationLandscapeLeft UIInterfaceOrientationLandscapeRight";
				LD_RUNPATH_SEARCH_PATHS = (
					"$(inherited)",
					"@executable_path/Frameworks",
				);
				MARKETING_VERSION = 1.0;
				PRODUCT_BUNDLE_IDENTIFIER = "SatelituTehnologijas.swift-03-kontroldarbs";
				PRODUCT_NAME = "$(TARGET_NAME)";
				SWIFT_EMIT_LOC_STRINGS = YES;
				SWIFT_VERSION = 5.0;
				TARGETED_DEVICE_FAMILY = "1,2";
			};
			name = Release;
		};
		7E3BE53928170DFE007EAC02 /* Debug */ = {
			isa = XCBuildConfiguration;
			buildSettings = {
				ALWAYS_EMBED_SWIFT_STANDARD_LIBRARIES = YES;
				BUNDLE_LOADER = "$(TEST_HOST)";
				CODE_SIGN_STYLE = Automatic;
				CURRENT_PROJECT_VERSION = 1;
				GENERATE_INFOPLIST_FILE = YES;
				IPHONEOS_DEPLOYMENT_TARGET = 15.4;
				MARKETING_VERSION = 1.0;
				PRODUCT_BUNDLE_IDENTIFIER = "SatelituTehnologijas.swift-03-kontroldarbsTests";
				PRODUCT_NAME = "$(TARGET_NAME)";
				SWIFT_EMIT_LOC_STRINGS = NO;
				SWIFT_VERSION = 5.0;
				TARGETED_DEVICE_FAMILY = "1,2";
				TEST_HOST = "$(BUILT_PRODUCTS_DIR)/swift_03_kontroldarbs.app/swift_03_kontroldarbs";
			};
			name = Debug;
		};
		7E3BE53A28170DFE007EAC02 /* Release */ = {
			isa = XCBuildConfiguration;
			buildSettings = {
				ALWAYS_EMBED_SWIFT_STANDARD_LIBRARIES = YES;
				BUNDLE_LOADER = "$(TEST_HOST)";
				CODE_SIGN_STYLE = Automatic;
				CURRENT_PROJECT_VERSION = 1;
				GENERATE_INFOPLIST_FILE = YES;
				IPHONEOS_DEPLOYMENT_TARGET = 15.4;
				MARKETING_VERSION = 1.0;
				PRODUCT_BUNDLE_IDENTIFIER = "SatelituTehnologijas.swift-03-kontroldarbsTests";
				PRODUCT_NAME = "$(TARGET_NAME)";
				SWIFT_EMIT_LOC_STRINGS = NO;
				SWIFT_VERSION = 5.0;
				TARGETED_DEVICE_FAMILY = "1,2";
				TEST_HOST = "$(BUILT_PRODUCTS_DIR)/swift_03_kontroldarbs.app/swift_03_kontroldarbs";
			};
			name = Release;
		};
		7E3BE53C28170DFE007EAC02 /* Debug */ = {
			isa = XCBuildConfiguration;
			buildSettings = {
				ALWAYS_EMBED_SWIFT_STANDARD_LIBRARIES = YES;
				CODE_SIGN_STYLE = Automatic;
				CURRENT_PROJECT_VERSION = 1;
				GENERATE_INFOPLIST_FILE = YES;
				MARKETING_VERSION = 1.0;
				PRODUCT_BUNDLE_IDENTIFIER = "SatelituTehnologijas.swift-03-kontroldarbsUITests";
				PRODUCT_NAME = "$(TARGET_NAME)";
				SWIFT_EMIT_LOC_STRINGS = NO;
				SWIFT_VERSION = 5.0;
				TARGETED_DEVICE_FAMILY = "1,2";
				TEST_TARGET_NAME = swift_03_kontroldarbs;
			};
			name = Debug;
		};
		7E3BE53D28170DFE007EAC02 /* Release */ = {
			isa = XCBuildConfiguration;
			buildSettings = {
				ALWAYS_EMBED_SWIFT_STANDARD_LIBRARIES = YES;
				CODE_SIGN_STYLE = Automatic;
				CURRENT_PROJECT_VERSION = 1;
				GENERATE_INFOPLIST_FILE = YES;
				MARKETING_VERSION = 1.0;
				PRODUCT_BUNDLE_IDENTIFIER = "SatelituTehnologijas.swift-03-kontroldarbsUITests";
				PRODUCT_NAME = "$(TARGET_NAME)";
				SWIFT_EMIT_LOC_STRINGS = NO;
				SWIFT_VERSION = 5.0;
				TARGETED_DEVICE_FAMILY = "1,2";
				TEST_TARGET_NAME = swift_03_kontroldarbs;
			};
			name = Release;
		};
/* End XCBuildConfiguration section */

/* Begin XCConfigurationList section */
		7E3BE50628170DFB007EAC02 /* Build configuration list for PBXProject "swift_03_kontroldarbs" */ = {
			isa = XCConfigurationList;
			buildConfigurations = (
				7E3BE53328170DFE007EAC02 /* Debug */,
				7E3BE53428170DFE007EAC02 /* Release */,
			);
			defaultConfigurationIsVisible = 0;
			defaultConfigurationName = Release;
		};
		7E3BE53528170DFE007EAC02 /* Build configuration list for PBXNativeTarget "swift_03_kontroldarbs" */ = {
			isa = XCConfigurationList;
			buildConfigurations = (
				7E3BE53628170DFE007EAC02 /* Debug */,
				7E3BE53728170DFE007EAC02 /* Release */,
			);
			defaultConfigurationIsVisible = 0;
			defaultConfigurationName = Release;
		};
		7E3BE53828170DFE007EAC02 /* Build configuration list for PBXNativeTarget "swift_03_kontroldarbsTests" */ = {
			isa = XCConfigurationList;
			buildConfigurations = (
				7E3BE53928170DFE007EAC02 /* Debug */,
				7E3BE53A28170DFE007EAC02 /* Release */,
			);
			defaultConfigurationIsVisible = 0;
			defaultConfigurationName = Release;
		};
		7E3BE53B28170DFE007EAC02 /* Build configuration list for PBXNativeTarget "swift_03_kontroldarbsUITests" */ = {
			isa = XCConfigurationList;
			buildConfigurations = (
				7E3BE53C28170DFE007EAC02 /* Debug */,
				7E3BE53D28170DFE007EAC02 /* Release */,
			);
			defaultConfigurationIsVisible = 0;
			defaultConfigurationName = Release;
		};
/* End XCConfigurationList section */
	};
	rootObject = 7E3BE50328170DFB007EAC02 /* Project object */;
}
